
Microsoft Visual Studio Solution File, Format Version 12.00
Project("{FAE04EC0-301F-11D3-BF4B-00C04F79EFBC}") = "API", "API\API.csproj", "{2C755A38-DBD8-4B23-ABC0-4221A0B32AE2}"
EndProject
Project("{FAE04EC0-301F-11D3-BF4B-00C04F79EFBC}") = "API_Tests", "API_Tests\API_Tests.csproj", "{B1E88803-9DB9-4B82-A8B6-EC78D7EDDBBC}"
EndProject
Project("{FAE04EC0-301F-11D3-BF4B-00C04F79EFBC}") = "Client", "Client\Client.csproj", "{1A4A2BD5-DE97-481C-8058-E9BCA03ED204}"
EndProject
Global
	GlobalSection(SolutionConfigurationPlatforms) = preSolution
		Debug|Any CPU = Debug|Any CPU
		Release|Any CPU = Release|Any CPU
	EndGlobalSection
	GlobalSection(ProjectConfigurationPlatforms) = postSolution
		{2C755A38-DBD8-4B23-ABC0-4221A0B32AE2}.Debug|Any CPU.ActiveCfg = Debug|Any CPU
		{2C755A38-DBD8-4B23-ABC0-4221A0B32AE2}.Debug|Any CPU.Build.0 = Debug|Any CPU
		{2C755A38-DBD8-4B23-ABC0-4221A0B32AE2}.Release|Any CPU.ActiveCfg = Release|Any CPU
		{2C755A38-DBD8-4B23-ABC0-4221A0B32AE2}.Release|Any CPU.Build.0 = Release|Any CPU
		{B1E88803-9DB9-4B82-A8B6-EC78D7EDDBBC}.Debug|Any CPU.ActiveCfg = Debug|Any CPU
		{B1E88803-9DB9-4B82-A8B6-EC78D7EDDBBC}.Debug|Any CPU.Build.0 = Debug|Any CPU
		{B1E88803-9DB9-4B82-A8B6-EC78D7EDDBBC}.Release|Any CPU.ActiveCfg = Release|Any CPU
		{B1E88803-9DB9-4B82-A8B6-EC78D7EDDBBC}.Release|Any CPU.Build.0 = Release|Any CPU
		{1A4A2BD5-DE97-481C-8058-E9BCA03ED204}.Debug|Any CPU.ActiveCfg = Debug|Any CPU
		{1A4A2BD5-DE97-481C-8058-E9BCA03ED204}.Debug|Any CPU.Build.0 = Debug|Any CPU
		{1A4A2BD5-DE97-481C-8058-E9BCA03ED204}.Release|Any CPU.ActiveCfg = Release|Any CPU
		{1A4A2BD5-DE97-481C-8058-E9BCA03ED204}.Release|Any CPU.Build.0 = Release|Any CPU
	EndGlobalSection
EndGlobal
